
Microsoft Visual Studio Solution File, Format Version 12.00
# Visual Studio Express 15 for Windows Desktop
VisualStudioVersion = 15.0.33026.149
MinimumVisualStudioVersion = 10.0.40219.1
Project("{FAE04EC0-301F-11D3-BF4B-00C04F79EFBC}") = "ImageClassificationTest", "ImageClassificationTest\ImageClassificationTest.csproj", "{41E9170E-F031-40D0-82C3-49C50677834E}"
EndProject
Global
	GlobalSection(SolutionConfigurationPlatforms) = preSolution
		Debug|Any CPU = Debug|Any CPU
		Release|Any CPU = Release|Any CPU
	EndGlobalSection
	GlobalSection(ProjectConfigurationPlatforms) = postSolution
		{41E9170E-F031-40D0-82C3-49C50677834E}.Debug|Any CPU.ActiveCfg = Debug|Any CPU
		{41E9170E-F031-40D0-82C3-49C50677834E}.Debug|Any CPU.Build.0 = Debug|Any CPU
		{41E9170E-F031-40D0-82C3-49C50677834E}.Release|Any CPU.ActiveCfg = Release|Any CPU
		{41E9170E-F031-40D0-82C3-49C50677834E}.Release|Any CPU.Build.0 = Release|Any CPU
	EndGlobalSection
	GlobalSection(SolutionProperties) = preSolution
		HideSolutionNode = FALSE
	EndGlobalSection
	GlobalSection(ExtensibilityGlobals) = postSolution
		SolutionGuid = {6772D63F-21EC-4175-8531-7E294A052025}
	EndGlobalSection
EndGlobal
